
Microsoft Visual Studio Solution File, Format Version 12.00
# Visual Studio Version 17
VisualStudioVersion = 17.0.32014.148
MinimumVisualStudioVersion = 10.0.40219.1
Project("{FAE04EC0-301F-11D3-BF4B-00C04F79EFBC}") = "DependencyInjectionLearning", "DependencyInjectionLearning\DependencyInjectionLearning.csproj", "{954B7D82-60F7-4B5B-8396-C6A5DD2F8DD5}"
EndProject
Project("{FAE04EC0-301F-11D3-BF4B-00C04F79EFBC}") = "Middlewares", "Middlewares\Middlewares.csproj", "{E41ADD48-0E8A-4D7B-B665-0A817A9C9932}"
EndProject
Global
	GlobalSection(SolutionConfigurationPlatforms) = preSolution
		Debug|Any CPU = Debug|Any CPU
		Release|Any CPU = Release|Any CPU
	EndGlobalSection
	GlobalSection(ProjectConfigurationPlatforms) = postSolution
		{954B7D82-60F7-4B5B-8396-C6A5DD2F8DD5}.Debug|Any CPU.ActiveCfg = Debug|Any CPU
		{954B7D82-60F7-4B5B-8396-C6A5DD2F8DD5}.Debug|Any CPU.Build.0 = Debug|Any CPU
		{954B7D82-60F7-4B5B-8396-C6A5DD2F8DD5}.Release|Any CPU.ActiveCfg = Release|Any CPU
		{954B7D82-60F7-4B5B-8396-C6A5DD2F8DD5}.Release|Any CPU.Build.0 = Release|Any CPU
		{E41ADD48-0E8A-4D7B-B665-0A817A9C9932}.Debug|Any CPU.ActiveCfg = Debug|Any CPU
		{E41ADD48-0E8A-4D7B-B665-0A817A9C9932}.Debug|Any CPU.Build.0 = Debug|Any CPU
		{E41ADD48-0E8A-4D7B-B665-0A817A9C9932}.Release|Any CPU.ActiveCfg = Release|Any CPU
		{E41ADD48-0E8A-4D7B-B665-0A817A9C9932}.Release|Any CPU.Build.0 = Release|Any CPU
	EndGlobalSection
	GlobalSection(SolutionProperties) = preSolution
		HideSolutionNode = FALSE
	EndGlobalSection
	GlobalSection(ExtensibilityGlobals) = postSolution
		SolutionGuid = {EA4C71A3-57C7-4293-AB7D-A8C387BB61E3}
	EndGlobalSection
EndGlobal
